
Microsoft Visual Studio Solution File, Format Version 12.00
# Visual Studio Version 17
VisualStudioVersion = 17.10.35013.160
MinimumVisualStudioVersion = 10.0.40219.1
Project("{FAE04EC0-301F-11D3-BF4B-00C04F79EFBC}") = "WebApplication1", "WebApplication1\WebApplication1.csproj", "{DA481288-D3A1-450A-A0C6-0A5052A22FE8}"
EndProject
Project("{FAE04EC0-301F-11D3-BF4B-00C04F79EFBC}") = "WebApplication2", "WebApplication2\WebApplication2.csproj", "{03EB808A-1DD8-4F5E-9701-2822F4900132}"
EndProject
Global
	GlobalSection(SolutionConfigurationPlatforms) = preSolution
		Debug|Any CPU = Debug|Any CPU
		Release|Any CPU = Release|Any CPU
	EndGlobalSection
	GlobalSection(ProjectConfigurationPlatforms) = postSolution
		{DA481288-D3A1-450A-A0C6-0A5052A22FE8}.Debug|Any CPU.ActiveCfg = Debug|Any CPU
		{DA481288-D3A1-450A-A0C6-0A5052A22FE8}.Debug|Any CPU.Build.0 = Debug|Any CPU
		{DA481288-D3A1-450A-A0C6-0A5052A22FE8}.Release|Any CPU.ActiveCfg = Release|Any CPU
		{DA481288-D3A1-450A-A0C6-0A5052A22FE8}.Release|Any CPU.Build.0 = Release|Any CPU
		{03EB808A-1DD8-4F5E-9701-2822F4900132}.Debug|Any CPU.ActiveCfg = Debug|Any CPU
		{03EB808A-1DD8-4F5E-9701-2822F4900132}.Debug|Any CPU.Build.0 = Debug|Any CPU
		{03EB808A-1DD8-4F5E-9701-2822F4900132}.Release|Any CPU.ActiveCfg = Release|Any CPU
		{03EB808A-1DD8-4F5E-9701-2822F4900132}.Release|Any CPU.Build.0 = Release|Any CPU
	EndGlobalSection
	GlobalSection(SolutionProperties) = preSolution
		HideSolutionNode = FALSE
	EndGlobalSection
	GlobalSection(ExtensibilityGlobals) = postSolution
		SolutionGuid = {B9EE4F3C-08A2-4A03-BB11-FA203D9DFE75}
	EndGlobalSection
EndGlobal
